
Microsoft Visual Studio Solution File, Format Version 12.00
# Visual Studio Version 17
VisualStudioVersion = 17.5.002.0
MinimumVisualStudioVersion = 10.0.40219.1
Project("{9A19103F-16F7-4668-BE54-9A1E7A4F7556}") = "RexAndTigers", "RexAndTigers\RexAndTigers.csproj", "{B97A1310-032C-4B97-90EB-5958CAAA2DA8}"
EndProject
Global
	GlobalSection(SolutionConfigurationPlatforms) = preSolution
		Debug|Any CPU = Debug|Any CPU
		Release|Any CPU = Release|Any CPU
	EndGlobalSection
	GlobalSection(ProjectConfigurationPlatforms) = postSolution
		{B97A1310-032C-4B97-90EB-5958CAAA2DA8}.Debug|Any CPU.ActiveCfg = Debug|Any CPU
		{B97A1310-032C-4B97-90EB-5958CAAA2DA8}.Debug|Any CPU.Build.0 = Debug|Any CPU
		{B97A1310-032C-4B97-90EB-5958CAAA2DA8}.Release|Any CPU.ActiveCfg = Release|Any CPU
		{B97A1310-032C-4B97-90EB-5958CAAA2DA8}.Release|Any CPU.Build.0 = Release|Any CPU
	EndGlobalSection
	GlobalSection(SolutionProperties) = preSolution
		HideSolutionNode = FALSE
	EndGlobalSection
	GlobalSection(ExtensibilityGlobals) = postSolution
		SolutionGuid = {BE999222-E542-46EF-8087-95C51191ED0A}
	EndGlobalSection
EndGlobal
